
Microsoft Visual Studio Solution File, Format Version 12.00
# Visual Studio 15
Project("{FAE04EC0-301F-11D3-BF4B-00C04F79EFBC}") = "AR Drone Delivery Programming School", "AR Drone Delivery Programming School.csproj", "{BB25E54F-E5DA-FD70-31A5-77DA0CC4A3DF}"
EndProject
Project("{FAE04EC0-301F-11D3-BF4B-00C04F79EFBC}") = "AR Drone Delivery Programming School.Editor", "AR Drone Delivery Programming School.Editor.csproj", "{10CC3EEA-8E0C-4061-F7D7-C000654731C5}"
EndProject
Global
	GlobalSection(SolutionConfigurationPlatforms) = preSolution
		Debug|Any CPU = Debug|Any CPU
		Release|Any CPU = Release|Any CPU
	EndGlobalSection
	GlobalSection(ProjectConfigurationPlatforms) = postSolution
		{BB25E54F-E5DA-FD70-31A5-77DA0CC4A3DF}.Debug|Any CPU.ActiveCfg = Debug|Any CPU
		{BB25E54F-E5DA-FD70-31A5-77DA0CC4A3DF}.Debug|Any CPU.Build.0 = Debug|Any CPU
		{BB25E54F-E5DA-FD70-31A5-77DA0CC4A3DF}.Release|Any CPU.ActiveCfg = Release|Any CPU
		{BB25E54F-E5DA-FD70-31A5-77DA0CC4A3DF}.Release|Any CPU.Build.0 = Release|Any CPU
		{10CC3EEA-8E0C-4061-F7D7-C000654731C5}.Debug|Any CPU.ActiveCfg = Debug|Any CPU
		{10CC3EEA-8E0C-4061-F7D7-C000654731C5}.Debug|Any CPU.Build.0 = Debug|Any CPU
		{10CC3EEA-8E0C-4061-F7D7-C000654731C5}.Release|Any CPU.ActiveCfg = Release|Any CPU
		{10CC3EEA-8E0C-4061-F7D7-C000654731C5}.Release|Any CPU.Build.0 = Release|Any CPU
	EndGlobalSection
	GlobalSection(SolutionProperties) = preSolution
		HideSolutionNode = FALSE
	EndGlobalSection
EndGlobal
